
Microsoft Visual Studio Solution File, Format Version 12.00
# Visual Studio Version 17
VisualStudioVersion = 17.6.33723.286
MinimumVisualStudioVersion = 10.0.40219.1
Project("{FAE04EC0-301F-11D3-BF4B-00C04F79EFBC}") = "Freddy_OrtizS1.Android", "Freddy_OrtizS1.Android\Freddy_OrtizS1.Android.csproj", "{AA1710D1-EC18-46E8-9470-5CBDD62C34F2}"
EndProject
Project("{FAE04EC0-301F-11D3-BF4B-00C04F79EFBC}") = "Freddy_OrtizS1.iOS", "Freddy_OrtizS1.iOS\Freddy_OrtizS1.iOS.csproj", "{9CF25DFB-BD4D-4D8D-830C-6822F34C5CE8}"
EndProject
Project("{FAE04EC0-301F-11D3-BF4B-00C04F79EFBC}") = "Freddy_OrtizS1", "Freddy_OrtizS1\Freddy_OrtizS1.csproj", "{0F3A53F0-A076-4534-AB50-B27796BE5EB7}"
EndProject
Global
	GlobalSection(SolutionConfigurationPlatforms) = preSolution
		Debug|Any CPU = Debug|Any CPU
		Debug|iPhone = Debug|iPhone
		Debug|iPhoneSimulator = Debug|iPhoneSimulator
		Release|Any CPU = Release|Any CPU
		Release|iPhone = Release|iPhone
		Release|iPhoneSimulator = Release|iPhoneSimulator
	EndGlobalSection
	GlobalSection(ProjectConfigurationPlatforms) = postSolution
		{AA1710D1-EC18-46E8-9470-5CBDD62C34F2}.Debug|Any CPU.ActiveCfg = Debug|Any CPU
		{AA1710D1-EC18-46E8-9470-5CBDD62C34F2}.Debug|Any CPU.Build.0 = Debug|Any CPU
		{AA1710D1-EC18-46E8-9470-5CBDD62C34F2}.Debug|Any CPU.Deploy.0 = Debug|Any CPU
		{AA1710D1-EC18-46E8-9470-5CBDD62C34F2}.Debug|iPhone.ActiveCfg = Debug|Any CPU
		{AA1710D1-EC18-46E8-9470-5CBDD62C34F2}.Debug|iPhone.Build.0 = Debug|Any CPU
		{AA1710D1-EC18-46E8-9470-5CBDD62C34F2}.Debug|iPhone.Deploy.0 = Debug|Any CPU
		{AA1710D1-EC18-46E8-9470-5CBDD62C34F2}.Debug|iPhoneSimulator.ActiveCfg = Debug|Any CPU
		{AA1710D1-EC18-46E8-9470-5CBDD62C34F2}.Debug|iPhoneSimulator.Build.0 = Debug|Any CPU
		{AA1710D1-EC18-46E8-9470-5CBDD62C34F2}.Debug|iPhoneSimulator.Deploy.0 = Debug|Any CPU
		{AA1710D1-EC18-46E8-9470-5CBDD62C34F2}.Release|Any CPU.ActiveCfg = Release|Any CPU
		{AA1710D1-EC18-46E8-9470-5CBDD62C34F2}.Release|Any CPU.Build.0 = Release|Any CPU
		{AA1710D1-EC18-46E8-9470-5CBDD62C34F2}.Release|Any CPU.Deploy.0 = Release|Any CPU
		{AA1710D1-EC18-46E8-9470-5CBDD62C34F2}.Release|iPhone.ActiveCfg = Release|Any CPU
		{AA1710D1-EC18-46E8-9470-5CBDD62C34F2}.Release|iPhone.Build.0 = Release|Any CPU
		{AA1710D1-EC18-46E8-9470-5CBDD62C34F2}.Release|iPhone.Deploy.0 = Release|Any CPU
		{AA1710D1-EC18-46E8-9470-5CBDD62C34F2}.Release|iPhoneSimulator.ActiveCfg = Release|Any CPU
		{AA1710D1-EC18-46E8-9470-5CBDD62C34F2}.Release|iPhoneSimulator.Build.0 = Release|Any CPU
		{AA1710D1-EC18-46E8-9470-5CBDD62C34F2}.Release|iPhoneSimulator.Deploy.0 = Release|Any CPU
		{9CF25DFB-BD4D-4D8D-830C-6822F34C5CE8}.Debug|Any CPU.ActiveCfg = Debug|iPhone
		{9CF25DFB-BD4D-4D8D-830C-6822F34C5CE8}.Debug|Any CPU.Build.0 = Debug|iPhone
		{9CF25DFB-BD4D-4D8D-830C-6822F34C5CE8}.Debug|Any CPU.Deploy.0 = Debug|iPhone
		{9CF25DFB-BD4D-4D8D-830C-6822F34C5CE8}.Debug|iPhone.ActiveCfg = Debug|iPhone
		{9CF25DFB-BD4D-4D8D-830C-6822F34C5CE8}.Debug|iPhone.Build.0 = Debug|iPhone
		{9CF25DFB-BD4D-4D8D-830C-6822F34C5CE8}.Debug|iPhone.Deploy.0 = Debug|iPhone
		{9CF25DFB-BD4D-4D8D-830C-6822F34C5CE8}.Debug|iPhoneSimulator.ActiveCfg = Debug|iPhoneSimulator
		{9CF25DFB-BD4D-4D8D-830C-6822F34C5CE8}.Debug|iPhoneSimulator.Build.0 = Debug|iPhoneSimulator
		{9CF25DFB-BD4D-4D8D-830C-6822F34C5CE8}.Debug|iPhoneSimulator.Deploy.0 = Debug|iPhoneSimulator
		{9CF25DFB-BD4D-4D8D-830C-6822F34C5CE8}.Release|Any CPU.ActiveCfg = Release|iPhoneSimulator
		{9CF25DFB-BD4D-4D8D-830C-6822F34C5CE8}.Release|Any CPU.Build.0 = Release|iPhoneSimulator
		{9CF25DFB-BD4D-4D8D-830C-6822F34C5CE8}.Release|Any CPU.Deploy.0 = Release|iPhoneSimulator
		{9CF25DFB-BD4D-4D8D-830C-6822F34C5CE8}.Release|iPhone.ActiveCfg = Release|iPhone
		{9CF25DFB-BD4D-4D8D-830C-6822F34C5CE8}.Release|iPhone.Build.0 = Release|iPhone
		{9CF25DFB-BD4D-4D8D-830C-6822F34C5CE8}.Release|iPhone.Deploy.0 = Release|iPhone
		{9CF25DFB-BD4D-4D8D-830C-6822F34C5CE8}.Release|iPhoneSimulator.ActiveCfg = Release|iPhoneSimulator
		{9CF25DFB-BD4D-4D8D-830C-6822F34C5CE8}.Release|iPhoneSimulator.Build.0 = Release|iPhoneSimulator
		{9CF25DFB-BD4D-4D8D-830C-6822F34C5CE8}.Release|iPhoneSimulator.Deploy.0 = Release|iPhoneSimulator
		{0F3A53F0-A076-4534-AB50-B27796BE5EB7}.Debug|Any CPU.ActiveCfg = Debug|Any CPU
		{0F3A53F0-A076-4534-AB50-B27796BE5EB7}.Debug|Any CPU.Build.0 = Debug|Any CPU
		{0F3A53F0-A076-4534-AB50-B27796BE5EB7}.Debug|Any CPU.Deploy.0 = Debug|Any CPU
		{0F3A53F0-A076-4534-AB50-B27796BE5EB7}.Debug|iPhone.ActiveCfg = Debug|Any CPU
		{0F3A53F0-A076-4534-AB50-B27796BE5EB7}.Debug|iPhone.Build.0 = Debug|Any CPU
		{0F3A53F0-A076-4534-AB50-B27796BE5EB7}.Debug|iPhone.Deploy.0 = Debug|Any CPU
		{0F3A53F0-A076-4534-AB50-B27796BE5EB7}.Debug|iPhoneSimulator.ActiveCfg = Debug|Any CPU
		{0F3A53F0-A076-4534-AB50-B27796BE5EB7}.Debug|iPhoneSimulator.Build.0 = Debug|Any CPU
		{0F3A53F0-A076-4534-AB50-B27796BE5EB7}.Debug|iPhoneSimulator.Deploy.0 = Debug|Any CPU
		{0F3A53F0-A076-4534-AB50-B27796BE5EB7}.Release|Any CPU.ActiveCfg = Release|Any CPU
		{0F3A53F0-A076-4534-AB50-B27796BE5EB7}.Release|Any CPU.Build.0 = Release|Any CPU
		{0F3A53F0-A076-4534-AB50-B27796BE5EB7}.Release|Any CPU.Deploy.0 = Release|Any CPU
		{0F3A53F0-A076-4534-AB50-B27796BE5EB7}.Release|iPhone.ActiveCfg = Release|Any CPU
		{0F3A53F0-A076-4534-AB50-B27796BE5EB7}.Release|iPhone.Build.0 = Release|Any CPU
		{0F3A53F0-A076-4534-AB50-B27796BE5EB7}.Release|iPhone.Deploy.0 = Release|Any CPU
		{0F3A53F0-A076-4534-AB50-B27796BE5EB7}.Release|iPhoneSimulator.ActiveCfg = Release|Any CPU
		{0F3A53F0-A076-4534-AB50-B27796BE5EB7}.Release|iPhoneSimulator.Build.0 = Release|Any CPU
		{0F3A53F0-A076-4534-AB50-B27796BE5EB7}.Release|iPhoneSimulator.Deploy.0 = Release|Any CPU
	EndGlobalSection
	GlobalSection(SolutionProperties) = preSolution
		HideSolutionNode = FALSE
	EndGlobalSection
	GlobalSection(ExtensibilityGlobals) = postSolution
		SolutionGuid = {5DBA52F0-2A3C-457A-86EB-5591C485542E}
	EndGlobalSection
EndGlobal
